
Microsoft Visual Studio Solution File, Format Version 12.00
# Visual Studio 14
VisualStudioVersion = 14.0.25123.0
MinimumVisualStudioVersion = 10.0.40219.1
Project("{FAE04EC0-301F-11D3-BF4B-00C04F79EFBC}") = "DownloadTest", "DownloadTest\DownloadTest.csproj", "{06F783E3-7D2E-4A54-A463-9CD45F57F2C5}"
EndProject
Project("{2150E333-8FDC-42A3-9474-1A3956D46DE8}") = "Solution Items", "Solution Items", "{2884523E-383E-4389-9510-A31712386523}"
	ProjectSection(SolutionItems) = preProject
		README.md = README.md
	EndProjectSection
EndProject
Project("{FAE04EC0-301F-11D3-BF4B-00C04F79EFBC}") = "Common", "Common\Common.csproj", "{8B5188FE-EC10-4ECC-8743-0C4CD8AB249F}"
EndProject
Project("{151D2E53-A2C4-4D7D-83FE-D05416EBD58E}") = "AzureResources", "AzureResources\AzureResources.deployproj", "{140602C9-BEBA-4147-A462-A5FF467749D7}"
EndProject
Project("{00D1A9C2-B5F0-4AF3-8072-F6C62B433612}") = "ResultsDatabase", "ResultsDatabase\ResultsDatabase.sqlproj", "{1CE8574E-EA94-4747-B6D1-A4EB4F4D601F}"
EndProject
Global
	GlobalSection(SolutionConfigurationPlatforms) = preSolution
		Debug|Any CPU = Debug|Any CPU
		Debug|ARM = Debug|ARM
		Debug|x64 = Debug|x64
		Debug|x86 = Debug|x86
		Release|Any CPU = Release|Any CPU
		Release|ARM = Release|ARM
		Release|x64 = Release|x64
		Release|x86 = Release|x86
	EndGlobalSection
	GlobalSection(ProjectConfigurationPlatforms) = postSolution
		{06F783E3-7D2E-4A54-A463-9CD45F57F2C5}.Debug|Any CPU.ActiveCfg = Debug|Any CPU
		{06F783E3-7D2E-4A54-A463-9CD45F57F2C5}.Debug|Any CPU.Build.0 = Debug|Any CPU
		{06F783E3-7D2E-4A54-A463-9CD45F57F2C5}.Debug|ARM.ActiveCfg = Debug|Any CPU
		{06F783E3-7D2E-4A54-A463-9CD45F57F2C5}.Debug|ARM.Build.0 = Debug|Any CPU
		{06F783E3-7D2E-4A54-A463-9CD45F57F2C5}.Debug|x64.ActiveCfg = Debug|Any CPU
		{06F783E3-7D2E-4A54-A463-9CD45F57F2C5}.Debug|x64.Build.0 = Debug|Any CPU
		{06F783E3-7D2E-4A54-A463-9CD45F57F2C5}.Debug|x86.ActiveCfg = Debug|Any CPU
		{06F783E3-7D2E-4A54-A463-9CD45F57F2C5}.Debug|x86.Build.0 = Debug|Any CPU
		{06F783E3-7D2E-4A54-A463-9CD45F57F2C5}.Release|Any CPU.ActiveCfg = Release|Any CPU
		{06F783E3-7D2E-4A54-A463-9CD45F57F2C5}.Release|Any CPU.Build.0 = Release|Any CPU
		{06F783E3-7D2E-4A54-A463-9CD45F57F2C5}.Release|ARM.ActiveCfg = Release|Any CPU
		{06F783E3-7D2E-4A54-A463-9CD45F57F2C5}.Release|ARM.Build.0 = Release|Any CPU
		{06F783E3-7D2E-4A54-A463-9CD45F57F2C5}.Release|x64.ActiveCfg = Release|Any CPU
		{06F783E3-7D2E-4A54-A463-9CD45F57F2C5}.Release|x64.Build.0 = Release|Any CPU
		{06F783E3-7D2E-4A54-A463-9CD45F57F2C5}.Release|x86.ActiveCfg = Release|Any CPU
		{06F783E3-7D2E-4A54-A463-9CD45F57F2C5}.Release|x86.Build.0 = Release|Any CPU
		{8B5188FE-EC10-4ECC-8743-0C4CD8AB249F}.Debug|Any CPU.ActiveCfg = Debug|Any CPU
		{8B5188FE-EC10-4ECC-8743-0C4CD8AB249F}.Debug|Any CPU.Build.0 = Debug|Any CPU
		{8B5188FE-EC10-4ECC-8743-0C4CD8AB249F}.Debug|ARM.ActiveCfg = Debug|Any CPU
		{8B5188FE-EC10-4ECC-8743-0C4CD8AB249F}.Debug|ARM.Build.0 = Debug|Any CPU
		{8B5188FE-EC10-4ECC-8743-0C4CD8AB249F}.Debug|x64.ActiveCfg = Debug|Any CPU
		{8B5188FE-EC10-4ECC-8743-0C4CD8AB249F}.Debug|x64.Build.0 = Debug|Any CPU
		{8B5188FE-EC10-4ECC-8743-0C4CD8AB249F}.Debug|x86.ActiveCfg = Debug|Any CPU
		{8B5188FE-EC10-4ECC-8743-0C4CD8AB249F}.Debug|x86.Build.0 = Debug|Any CPU
		{8B5188FE-EC10-4ECC-8743-0C4CD8AB249F}.Release|Any CPU.ActiveCfg = Release|Any CPU
		{8B5188FE-EC10-4ECC-8743-0C4CD8AB249F}.Release|Any CPU.Build.0 = Release|Any CPU
		{8B5188FE-EC10-4ECC-8743-0C4CD8AB249F}.Release|ARM.ActiveCfg = Release|Any CPU
		{8B5188FE-EC10-4ECC-8743-0C4CD8AB249F}.Release|ARM.Build.0 = Release|Any CPU
		{8B5188FE-EC10-4ECC-8743-0C4CD8AB249F}.Release|x64.ActiveCfg = Release|Any CPU
		{8B5188FE-EC10-4ECC-8743-0C4CD8AB249F}.Release|x64.Build.0 = Release|Any CPU
		{8B5188FE-EC10-4ECC-8743-0C4CD8AB249F}.Release|x86.ActiveCfg = Release|Any CPU
		{8B5188FE-EC10-4ECC-8743-0C4CD8AB249F}.Release|x86.Build.0 = Release|Any CPU
		{140602C9-BEBA-4147-A462-A5FF467749D7}.Debug|Any CPU.ActiveCfg = Debug|Any CPU
		{140602C9-BEBA-4147-A462-A5FF467749D7}.Debug|Any CPU.Build.0 = Debug|Any CPU
		{140602C9-BEBA-4147-A462-A5FF467749D7}.Debug|ARM.ActiveCfg = Debug|Any CPU
		{140602C9-BEBA-4147-A462-A5FF467749D7}.Debug|ARM.Build.0 = Debug|Any CPU
		{140602C9-BEBA-4147-A462-A5FF467749D7}.Debug|x64.ActiveCfg = Debug|Any CPU
		{140602C9-BEBA-4147-A462-A5FF467749D7}.Debug|x64.Build.0 = Debug|Any CPU
		{140602C9-BEBA-4147-A462-A5FF467749D7}.Debug|x86.ActiveCfg = Debug|Any CPU
		{140602C9-BEBA-4147-A462-A5FF467749D7}.Debug|x86.Build.0 = Debug|Any CPU
		{140602C9-BEBA-4147-A462-A5FF467749D7}.Release|Any CPU.ActiveCfg = Release|Any CPU
		{140602C9-BEBA-4147-A462-A5FF467749D7}.Release|Any CPU.Build.0 = Release|Any CPU
		{140602C9-BEBA-4147-A462-A5FF467749D7}.Release|ARM.ActiveCfg = Release|Any CPU
		{140602C9-BEBA-4147-A462-A5FF467749D7}.Release|ARM.Build.0 = Release|Any CPU
		{140602C9-BEBA-4147-A462-A5FF467749D7}.Release|x64.ActiveCfg = Release|Any CPU
		{140602C9-BEBA-4147-A462-A5FF467749D7}.Release|x64.Build.0 = Release|Any CPU
		{140602C9-BEBA-4147-A462-A5FF467749D7}.Release|x86.ActiveCfg = Release|Any CPU
		{140602C9-BEBA-4147-A462-A5FF467749D7}.Release|x86.Build.0 = Release|Any CPU
		{1CE8574E-EA94-4747-B6D1-A4EB4F4D601F}.Debug|Any CPU.ActiveCfg = Debug|Any CPU
		{1CE8574E-EA94-4747-B6D1-A4EB4F4D601F}.Debug|Any CPU.Build.0 = Debug|Any CPU
		{1CE8574E-EA94-4747-B6D1-A4EB4F4D601F}.Debug|Any CPU.Deploy.0 = Debug|Any CPU
		{1CE8574E-EA94-4747-B6D1-A4EB4F4D601F}.Debug|ARM.ActiveCfg = Debug|Any CPU
		{1CE8574E-EA94-4747-B6D1-A4EB4F4D601F}.Debug|ARM.Build.0 = Debug|Any CPU
		{1CE8574E-EA94-4747-B6D1-A4EB4F4D601F}.Debug|ARM.Deploy.0 = Debug|Any CPU
		{1CE8574E-EA94-4747-B6D1-A4EB4F4D601F}.Debug|x64.ActiveCfg = Debug|Any CPU
		{1CE8574E-EA94-4747-B6D1-A4EB4F4D601F}.Debug|x64.Build.0 = Debug|Any CPU
		{1CE8574E-EA94-4747-B6D1-A4EB4F4D601F}.Debug|x64.Deploy.0 = Debug|Any CPU
		{1CE8574E-EA94-4747-B6D1-A4EB4F4D601F}.Debug|x86.ActiveCfg = Debug|Any CPU
		{1CE8574E-EA94-4747-B6D1-A4EB4F4D601F}.Debug|x86.Build.0 = Debug|Any CPU
		{1CE8574E-EA94-4747-B6D1-A4EB4F4D601F}.Debug|x86.Deploy.0 = Debug|Any CPU
		{1CE8574E-EA94-4747-B6D1-A4EB4F4D601F}.Release|Any CPU.ActiveCfg = Release|Any CPU
		{1CE8574E-EA94-4747-B6D1-A4EB4F4D601F}.Release|Any CPU.Build.0 = Release|Any CPU
		{1CE8574E-EA94-4747-B6D1-A4EB4F4D601F}.Release|Any CPU.Deploy.0 = Release|Any CPU
		{1CE8574E-EA94-4747-B6D1-A4EB4F4D601F}.Release|ARM.ActiveCfg = Release|Any CPU
		{1CE8574E-EA94-4747-B6D1-A4EB4F4D601F}.Release|ARM.Build.0 = Release|Any CPU
		{1CE8574E-EA94-4747-B6D1-A4EB4F4D601F}.Release|ARM.Deploy.0 = Release|Any CPU
		{1CE8574E-EA94-4747-B6D1-A4EB4F4D601F}.Release|x64.ActiveCfg = Release|Any CPU
		{1CE8574E-EA94-4747-B6D1-A4EB4F4D601F}.Release|x64.Build.0 = Release|Any CPU
		{1CE8574E-EA94-4747-B6D1-A4EB4F4D601F}.Release|x64.Deploy.0 = Release|Any CPU
		{1CE8574E-EA94-4747-B6D1-A4EB4F4D601F}.Release|x86.ActiveCfg = Release|Any CPU
		{1CE8574E-EA94-4747-B6D1-A4EB4F4D601F}.Release|x86.Build.0 = Release|Any CPU
		{1CE8574E-EA94-4747-B6D1-A4EB4F4D601F}.Release|x86.Deploy.0 = Release|Any CPU
	EndGlobalSection
	GlobalSection(SolutionProperties) = preSolution
		HideSolutionNode = FALSE
	EndGlobalSection
EndGlobal
